// !$*UTF8*$!
{
	archiveVersion = 1;
	classes = {
	};
	objectVersion = 50;
	objects = {

/* Begin PBXBuildFile section */
		8493746A21F6C81700ECE51D /* AppDelegate.swift in Sources */ = {isa = PBXBuildFile; fileRef = 8493746921F6C81700ECE51D /* AppDelegate.swift */; };
		8493746C21F6C81700ECE51D /* ViewController.swift in Sources */ = {isa = PBXBuildFile; fileRef = 8493746B21F6C81700ECE51D /* ViewController.swift */; };
		8493746F21F6C81700ECE51D /* Main.storyboard in Resources */ = {isa = PBXBuildFile; fileRef = 8493746D21F6C81700ECE51D /* Main.storyboard */; };
		8493747121F6C81700ECE51D /* Assets.xcassets in Resources */ = {isa = PBXBuildFile; fileRef = 8493747021F6C81700ECE51D /* Assets.xcassets */; };
		8493747421F6C81700ECE51D /* LaunchScreen.storyboard in Resources */ = {isa = PBXBuildFile; fileRef = 8493747221F6C81700ECE51D /* LaunchScreen.storyboard */; };
		8493747F21F6C81800ECE51D /* searchTests.swift in Sources */ = {isa = PBXBuildFile; fileRef = 8493747E21F6C81800ECE51D /* searchTests.swift */; };
		8493748A21F6C81800ECE51D /* searchUITests.swift in Sources */ = {isa = PBXBuildFile; fileRef = 8493748921F6C81800ECE51D /* searchUITests.swift */; };
/* End PBXBuildFile section */

/* Begin PBXContainerItemProxy section */
		8493747B21F6C81800ECE51D /* PBXContainerItemProxy */ = {
			isa = PBXContainerItemProxy;
			containerPortal = 8493745E21F6C81700ECE51D /* Project object */;
			proxyType = 1;
			remoteGlobalIDString = 8493746521F6C81700ECE51D;
			remoteInfo = search;
		};
		8493748621F6C81800ECE51D /* PBXContainerItemProxy */ = {
			isa = PBXContainerItemProxy;
			containerPortal = 8493745E21F6C81700ECE51D /* Project object */;
			proxyType = 1;
			remoteGlobalIDString = 8493746521F6C81700ECE51D;
			remoteInfo = search;
		};
/* End PBXContainerItemProxy section */

/* Begin PBXFileReference section */
		8493746621F6C81700ECE51D /* search.app */ = {isa = PBXFileReference; explicitFileType = wrapper.application; includeInIndex = 0; path = search.app; sourceTree = BUILT_PRODUCTS_DIR; };
		8493746921F6C81700ECE51D /* AppDelegate.swift */ = {isa = PBXFileReference; lastKnownFileType = sourcecode.swift; path = AppDelegate.swift; sourceTree = "<group>"; };
		8493746B21F6C81700ECE51D /* ViewController.swift */ = {isa = PBXFileReference; lastKnownFileType = sourcecode.swift; path = ViewController.swift; sourceTree = "<group>"; };
		8493746E21F6C81700ECE51D /* Base */ = {isa = PBXFileReference; lastKnownFileType = file.storyboard; name = Base; path = Base.lproj/Main.storyboard; sourceTree = "<group>"; };
		8493747021F6C81700ECE51D /* Assets.xcassets */ = {isa = PBXFileReference; lastKnownFileType = folder.assetcatalog; path = Assets.xcassets; sourceTree = "<group>"; };
		8493747321F6C81700ECE51D /* Base */ = {isa = PBXFileReference; lastKnownFileType = file.storyboard; name = Base; path = Base.lproj/LaunchScreen.storyboard; sourceTree = "<group>"; };
		8493747521F6C81700ECE51D /* Info.plist */ = {isa = PBXFileReference; lastKnownFileType = text.plist.xml; path = Info.plist; sourceTree = "<group>"; };
		8493747A21F6C81800ECE51D /* searchTests.xctest */ = {isa = PBXFileReference; explicitFileType = wrapper.cfbundle; includeInIndex = 0; path = searchTests.xctest; sourceTree = BUILT_PRODUCTS_DIR; };
		8493747E21F6C81800ECE51D /* searchTests.swift */ = {isa = PBXFileReference; lastKnownFileType = sourcecode.swift; path = searchTests.swift; sourceTree = "<group>"; };
		8493748021F6C81800ECE51D /* Info.plist */ = {isa = PBXFileReference; lastKnownFileType = text.plist.xml; path = Info.plist; sourceTree = "<group>"; };
		8493748521F6C81800ECE51D /* searchUITests.xctest */ = {isa = PBXFileReference; explicitFileType = wrapper.cfbundle; includeInIndex = 0; path = searchUITests.xctest; sourceTree = BUILT_PRODUCTS_DIR; };
		8493748921F6C81800ECE51D /* searchUITests.swift */ = {isa = PBXFileReference; lastKnownFileType = sourcecode.swift; path = searchUITests.swift; sourceTree = "<group>"; };
		8493748B21F6C81800ECE51D /* Info.plist */ = {isa = PBXFileReference; lastKnownFileType = text.plist.xml; path = Info.plist; sourceTree = "<group>"; };
/* End PBXFileReference section */

/* Begin PBXFrameworksBuildPhase section */
		8493746321F6C81700ECE51D /* Frameworks */ = {
			isa = PBXFrameworksBuildPhase;
			buildActionMask = 2147483647;
			files = (
			);
			runOnlyForDeploymentPostprocessing = 0;
		};
		8493747721F6C81800ECE51D /* Frameworks */ = {
			isa = PBXFrameworksBuildPhase;
			buildActionMask = 2147483647;
			files = (
			);
			runOnlyForDeploymentPostprocessing = 0;
		};
		8493748221F6C81800ECE51D /* Frameworks */ = {
			isa = PBXFrameworksBuildPhase;
			buildActionMask = 2147483647;
			files = (
			);
			runOnlyForDeploymentPostprocessing = 0;
		};
/* End PBXFrameworksBuildPhase section */

/* Begin PBXGroup section */
		8493745D21F6C81700ECE51D = {
			isa = PBXGroup;
			children = (
				8493746821F6C81700ECE51D /* search */,
				8493747D21F6C81800ECE51D /* searchTests */,
				8493748821F6C81800ECE51D /* searchUITests */,
				8493746721F6C81700ECE51D /* Products */,
			);
			sourceTree = "<group>";
		};
		8493746721F6C81700ECE51D /* Products */ = {
			isa = PBXGroup;
			children = (
				8493746621F6C81700ECE51D /* search.app */,
				8493747A21F6C81800ECE51D /* searchTests.xctest */,
				8493748521F6C81800ECE51D /* searchUITests.xctest */,
			);
			name = Products;
			sourceTree = "<group>";
		};
		8493746821F6C81700ECE51D /* search */ = {
			isa = PBXGroup;
			children = (
				8493746921F6C81700ECE51D /* AppDelegate.swift */,
				8493746B21F6C81700ECE51D /* ViewController.swift */,
				8493746D21F6C81700ECE51D /* Main.storyboard */,
				8493747021F6C81700ECE51D /* Assets.xcassets */,
				8493747221F6C81700ECE51D /* LaunchScreen.storyboard */,
				8493747521F6C81700ECE51D /* Info.plist */,
			);
			path = search;
			sourceTree = "<group>";
		};
		8493747D21F6C81800ECE51D /* searchTests */ = {
			isa = PBXGroup;
			children = (
				8493747E21F6C81800ECE51D /* searchTests.swift */,
				8493748021F6C81800ECE51D /* Info.plist */,
			);
			path = searchTests;
			sourceTree = "<group>";
		};
		8493748821F6C81800ECE51D /* searchUITests */ = {
			isa = PBXGroup;
			children = (
				8493748921F6C81800ECE51D /* searchUITests.swift */,
				8493748B21F6C81800ECE51D /* Info.plist */,
			);
			path = searchUITests;
			sourceTree = "<group>";
		};
/* End PBXGroup section */

/* Begin PBXNativeTarget section */
		8493746521F6C81700ECE51D /* search */ = {
			isa = PBXNativeTarget;
			buildConfigurationList = 8493748E21F6C81800ECE51D /* Build configuration list for PBXNativeTarget "search" */;
			buildPhases = (
				8493746221F6C81700ECE51D /* Sources */,
				8493746321F6C81700ECE51D /* Frameworks */,
				8493746421F6C81700ECE51D /* Resources */,
			);
			buildRules = (
			);
			dependencies = (
			);
			name = search;
			productName = search;
			productReference = 8493746621F6C81700ECE51D /* search.app */;
			productType = "com.apple.product-type.application";
		};
		8493747921F6C81800ECE51D /* searchTests */ = {
			isa = PBXNativeTarget;
			buildConfigurationList = 8493749121F6C81800ECE51D /* Build configuration list for PBXNativeTarget "searchTests" */;
			buildPhases = (
				8493747621F6C81800ECE51D /* Sources */,
				8493747721F6C81800ECE51D /* Frameworks */,
				8493747821F6C81800ECE51D /* Resources */,
			);
			buildRules = (
			);
			dependencies = (
				8493747C21F6C81800ECE51D /* PBXTargetDependency */,
			);
			name = searchTests;
			productName = searchTests;
			productReference = 8493747A21F6C81800ECE51D /* searchTests.xctest */;
			productType = "com.apple.product-type.bundle.unit-test";
		};
		8493748421F6C81800ECE51D /* searchUITests */ = {
			isa = PBXNativeTarget;
			buildConfigurationList = 8493749421F6C81800ECE51D /* Build configuration list for PBXNativeTarget "searchUITests" */;
			buildPhases = (
				8493748121F6C81800ECE51D /* Sources */,
				8493748221F6C81800ECE51D /* Frameworks */,
				8493748321F6C81800ECE51D /* Resources */,
			);
			buildRules = (
			);
			dependencies = (
				8493748721F6C81800ECE51D /* PBXTargetDependency */,
			);
			name = searchUITests;
			productName = searchUITests;
			productReference = 8493748521F6C81800ECE51D /* searchUITests.xctest */;
			productType = "com.apple.product-type.bundle.ui-testing";
		};
/* End PBXNativeTarget section */

/* Begin PBXProject section */
		8493745E21F6C81700ECE51D /* Project object */ = {
			isa = PBXProject;
			attributes = {
				LastSwiftUpdateCheck = 1010;
				LastUpgradeCheck = 1010;
				ORGANIZATIONNAME = supawitch;
				TargetAttributes = {
					8493746521F6C81700ECE51D = {
						CreatedOnToolsVersion = 10.1;
					};
					8493747921F6C81800ECE51D = {
						CreatedOnToolsVersion = 10.1;
						TestTargetID = 8493746521F6C81700ECE51D;
					};
					8493748421F6C81800ECE51D = {
						CreatedOnToolsVersion = 10.1;
						TestTargetID = 8493746521F6C81700ECE51D;
					};
				};
			};
			buildConfigurationList = 8493746121F6C81700ECE51D /* Build configuration list for PBXProject "search" */;
			compatibilityVersion = "Xcode 9.3";
			developmentRegion = en;
			hasScannedForEncodings = 0;
			knownRegions = (
				en,
				Base,
			);
			mainGroup = 8493745D21F6C81700ECE51D;
			productRefGroup = 8493746721F6C81700ECE51D /* Products */;
			projectDirPath = "";
			projectRoot = "";
			targets = (
				8493746521F6C81700ECE51D /* search */,
				8493747921F6C81800ECE51D /* searchTests */,
				8493748421F6C81800ECE51D /* searchUITests */,
			);
		};
/* End PBXProject section */

/* Begin PBXResourcesBuildPhase section */
		8493746421F6C81700ECE51D /* Resources */ = {
			isa = PBXResourcesBuildPhase;
			buildActionMask = 2147483647;
			files = (
				8493747421F6C81700ECE51D /* LaunchScreen.storyboard in Resources */,
				8493747121F6C81700ECE51D /* Assets.xcassets in Resources */,
				8493746F21F6C81700ECE51D /* Main.storyboard in Resources */,
			);
			runOnlyForDeploymentPostprocessing = 0;
		};
		8493747821F6C81800ECE51D /* Resources */ = {
			isa = PBXResourcesBuildPhase;
			buildActionMask = 2147483647;
			files = (
			);
			runOnlyForDeploymentPostprocessing = 0;
		};
		8493748321F6C81800ECE51D /* Resources */ = {
			isa = PBXResourcesBuildPhase;
			buildActionMask = 2147483647;
			files = (
			);
			runOnlyForDeploymentPostprocessing = 0;
		};
/* End PBXResourcesBuildPhase section */

/* Begin PBXSourcesBuildPhase section */
		8493746221F6C81700ECE51D /* Sources */ = {
			isa = PBXSourcesBuildPhase;
			buildActionMask = 2147483647;
			files = (
				8493746C21F6C81700ECE51D /* ViewController.swift in Sources */,
				8493746A21F6C81700ECE51D /* AppDelegate.swift in Sources */,
			);
			runOnlyForDeploymentPostprocessing = 0;
		};
		8493747621F6C81800ECE51D /* Sources */ = {
			isa = PBXSourcesBuildPhase;
			buildActionMask = 2147483647;
			files = (
				8493747F21F6C81800ECE51D /* searchTests.swift in Sources */,
			);
			runOnlyForDeploymentPostprocessing = 0;
		};
		8493748121F6C81800ECE51D /* Sources */ = {
			isa = PBXSourcesBuildPhase;
			buildActionMask = 2147483647;
			files = (
				8493748A21F6C81800ECE51D /* searchUITests.swift in Sources */,
			);
			runOnlyForDeploymentPostprocessing = 0;
		};
/* End PBXSourcesBuildPhase section */

/* Begin PBXTargetDependency section */
		8493747C21F6C81800ECE51D /* PBXTargetDependency */ = {
			isa = PBXTargetDependency;
			target = 8493746521F6C81700ECE51D /* search */;
			targetProxy = 8493747B21F6C81800ECE51D /* PBXContainerItemProxy */;
		};
		8493748721F6C81800ECE51D /* PBXTargetDependency */ = {
			isa = PBXTargetDependency;
			target = 8493746521F6C81700ECE51D /* search */;
			targetProxy = 8493748621F6C81800ECE51D /* PBXContainerItemProxy */;
		};
/* End PBXTargetDependency section */

/* Begin PBXVariantGroup section */
		8493746D21F6C81700ECE51D /* Main.storyboard */ = {
			isa = PBXVariantGroup;
			children = (
				8493746E21F6C81700ECE51D /* Base */,
			);
			name = Main.storyboard;
			sourceTree = "<group>";
		};
		8493747221F6C81700ECE51D /* LaunchScreen.storyboard */ = {
			isa = PBXVariantGroup;
			children = (
				8493747321F6C81700ECE51D /* Base */,
			);
			name = LaunchScreen.storyboard;
			sourceTree = "<group>";
		};
/* End PBXVariantGroup section */

/* Begin XCBuildConfiguration section */
		8493748C21F6C81800ECE51D /* Debug */ = {
			isa = XCBuildConfiguration;
			buildSettings = {
				ALWAYS_SEARCH_USER_PATHS = NO;
				CLANG_ANALYZER_NONNULL = YES;
				CLANG_ANALYZER_NUMBER_OBJECT_CONVERSION = YES_AGGRESSIVE;
				CLANG_CXX_LANGUAGE_STANDARD = "gnu++14";
				CLANG_CXX_LIBRARY = "libc++";
				CLANG_ENABLE_MODULES = YES;
				CLANG_ENABLE_OBJC_ARC = YES;
				CLANG_ENABLE_OBJC_WEAK = YES;
				CLANG_WARN_BLOCK_CAPTURE_AUTORELEASING = YES;
				CLANG_WARN_BOOL_CONVERSION = YES;
				CLANG_WARN_COMMA = YES;
				CLANG_WARN_CONSTANT_CONVERSION = YES;
				CLANG_WARN_DEPRECATED_OBJC_IMPLEMENTATIONS = YES;
				CLANG_WARN_DIRECT_OBJC_ISA_USAGE = YES_ERROR;
				CLANG_WARN_DOCUMENTATION_COMMENTS = YES;
				CLANG_WARN_EMPTY_BODY = YES;
				CLANG_WARN_ENUM_CONVERSION = YES;
				CLANG_WARN_INFINITE_RECURSION = YES;
				CLANG_WARN_INT_CONVERSION = YES;
				CLANG_WARN_NON_LITERAL_NULL_CONVERSION = YES;
				CLANG_WARN_OBJC_IMPLICIT_RETAIN_SELF = YES;
				CLANG_WARN_OBJC_LITERAL_CONVERSION = YES;
				CLANG_WARN_OBJC_ROOT_CLASS = YES_ERROR;
				CLANG_WARN_RANGE_LOOP_ANALYSIS = YES;
				CLANG_WARN_STRICT_PROTOTYPES = YES;
				CLANG_WARN_SUSPICIOUS_MOVE = YES;
				CLANG_WARN_UNGUARDED_AVAILABILITY = YES_AGGRESSIVE;
				CLANG_WARN_UNREACHABLE_CODE = YES;
				CLANG_WARN__DUPLICATE_METHOD_MATCH = YES;
				CODE_SIGN_IDENTITY = "iPhone Developer";
				COPY_PHASE_STRIP = NO;
				DEBUG_INFORMATION_FORMAT = dwarf;
				ENABLE_STRICT_OBJC_MSGSEND = YES;
				ENABLE_TESTABILITY = YES;
				GCC_C_LANGUAGE_STANDARD = gnu11;
				GCC_DYNAMIC_NO_PIC = NO;
				GCC_NO_COMMON_BLOCKS = YES;
				GCC_OPTIMIZATION_LEVEL = 0;
				GCC_PREPROCESSOR_DEFINITIONS = (
					"DEBUG=1",
					"$(inherited)",
				);
				GCC_WARN_64_TO_32_BIT_CONVERSION = YES;
				GCC_WARN_ABOUT_RETURN_TYPE = YES_ERROR;
				GCC_WARN_UNDECLARED_SELECTOR = YES;
				GCC_WARN_UNINITIALIZED_AUTOS = YES_AGGRESSIVE;
				GCC_WARN_UNUSED_FUNCTION = YES;
				GCC_WARN_UNUSED_VARIABLE = YES;
				IPHONEOS_DEPLOYMENT_TARGET = 12.1;
				MTL_ENABLE_DEBUG_INFO = INCLUDE_SOURCE;
				MTL_FAST_MATH = YES;
				ONLY_ACTIVE_ARCH = YES;
				SDKROOT = iphoneos;
				SWIFT_ACTIVE_COMPILATION_CONDITIONS = DEBUG;
				SWIFT_OPTIMIZATION_LEVEL = "-Onone";
			};
			name = Debug;
		};
		8493748D21F6C81800ECE51D /* Release */ = {
			isa = XCBuildConfiguration;
			buildSettings = {
				ALWAYS_SEARCH_USER_PATHS = NO;
				CLANG_ANALYZER_NONNULL = YES;
				CLANG_ANALYZER_NUMBER_OBJECT_CONVERSION = YES_AGGRESSIVE;
				CLANG_CXX_LANGUAGE_STANDARD = "gnu++14";
				CLANG_CXX_LIBRARY = "libc++";
				CLANG_ENABLE_MODULES = YES;
				CLANG_ENABLE_OBJC_ARC = YES;
				CLANG_ENABLE_OBJC_WEAK = YES;
				CLANG_WARN_BLOCK_CAPTURE_AUTORELEASING = YES;
				CLANG_WARN_BOOL_CONVERSION = YES;
				CLANG_WARN_COMMA = YES;
				CLANG_WARN_CONSTANT_CONVERSION = YES;
				CLANG_WARN_DEPRECATED_OBJC_IMPLEMENTATIONS = YES;
				CLANG_WARN_DIRECT_OBJC_ISA_USAGE = YES_ERROR;
				CLANG_WARN_DOCUMENTATION_COMMENTS = YES;
				CLANG_WARN_EMPTY_BODY = YES;
				CLANG_WARN_ENUM_CONVERSION = YES;
				CLANG_WARN_INFINITE_RECURSION = YES;
				CLANG_WARN_INT_CONVERSION = YES;
				CLANG_WARN_NON_LITERAL_NULL_CONVERSION = YES;
				CLANG_WARN_OBJC_IMPLICIT_RETAIN_SELF = YES;
				CLANG_WARN_OBJC_LITERAL_CONVERSION = YES;
				CLANG_WARN_OBJC_ROOT_CLASS = YES_ERROR;
				CLANG_WARN_RANGE_LOOP_ANALYSIS = YES;
				CLANG_WARN_STRICT_PROTOTYPES = YES;
				CLANG_WARN_SUSPICIOUS_MOVE = YES;
				CLANG_WARN_UNGUARDED_AVAILABILITY = YES_AGGRESSIVE;
				CLANG_WARN_UNREACHABLE_CODE = YES;
				CLANG_WARN__DUPLICATE_METHOD_MATCH = YES;
				CODE_SIGN_IDENTITY = "iPhone Developer";
				COPY_PHASE_STRIP = NO;
				DEBUG_INFORMATION_FORMAT = "dwarf-with-dsym";
				ENABLE_NS_ASSERTIONS = NO;
				ENABLE_STRICT_OBJC_MSGSEND = YES;
				GCC_C_LANGUAGE_STANDARD = gnu11;
				GCC_NO_COMMON_BLOCKS = YES;
				GCC_WARN_64_TO_32_BIT_CONVERSION = YES;
				GCC_WARN_ABOUT_RETURN_TYPE = YES_ERROR;
				GCC_WARN_UNDECLARED_SELECTOR = YES;
				GCC_WARN_UNINITIALIZED_AUTOS = YES_AGGRESSIVE;
				GCC_WARN_UNUSED_FUNCTION = YES;
				GCC_WARN_UNUSED_VARIABLE = YES;
				IPHONEOS_DEPLOYMENT_TARGET = 12.1;
				MTL_ENABLE_DEBUG_INFO = NO;
				MTL_FAST_MATH = YES;
				SDKROOT = iphoneos;
				SWIFT_COMPILATION_MODE = wholemodule;
				SWIFT_OPTIMIZATION_LEVEL = "-O";
				VALIDATE_PRODUCT = YES;
			};
			name = Release;
		};
		8493748F21F6C81800ECE51D /* Debug */ = {
			isa = XCBuildConfiguration;
			buildSettings = {
				ASSETCATALOG_COMPILER_APPICON_NAME = AppIcon;
				CODE_SIGN_STYLE = Automatic;
				INFOPLIST_FILE = search/Info.plist;
				LD_RUNPATH_SEARCH_PATHS = (
					"$(inherited)",
					"@executable_path/Frameworks",
				);
				PRODUCT_BUNDLE_IDENTIFIER = supawitch2.search;
				PRODUCT_NAME = "$(TARGET_NAME)";
				SWIFT_VERSION = 4.2;
				TARGETED_DEVICE_FAMILY = "1,2";
			};
			name = Debug;
		};
		8493749021F6C81800ECE51D /* Release */ = {
			isa = XCBuildConfiguration;
			buildSettings = {
				ASSETCATALOG_COMPILER_APPICON_NAME = AppIcon;
				CODE_SIGN_STYLE = Automatic;
				INFOPLIST_FILE = search/Info.plist;
				LD_RUNPATH_SEARCH_PATHS = (
					"$(inherited)",
					"@executable_path/Frameworks",
				);
				PRODUCT_BUNDLE_IDENTIFIER = supawitch2.search;
				PRODUCT_NAME = "$(TARGET_NAME)";
				SWIFT_VERSION = 4.2;
				TARGETED_DEVICE_FAMILY = "1,2";
			};
			name = Release;
		};
		8493749221F6C81800ECE51D /* Debug */ = {
			isa = XCBuildConfiguration;
			buildSettings = {
				ALWAYS_EMBED_SWIFT_STANDARD_LIBRARIES = YES;
				BUNDLE_LOADER = "$(TEST_HOST)";
				CODE_SIGN_STYLE = Automatic;
				INFOPLIST_FILE = searchTests/Info.plist;
				LD_RUNPATH_SEARCH_PATHS = (
					"$(inherited)",
					"@executable_path/Frameworks",
					"@loader_path/Frameworks",
				);
				PRODUCT_BUNDLE_IDENTIFIER = supawitch2.searchTests;
				PRODUCT_NAME = "$(TARGET_NAME)";
				SWIFT_VERSION = 4.2;
				TARGETED_DEVICE_FAMILY = "1,2";
				TEST_HOST = "$(BUILT_PRODUCTS_DIR)/search.app/search";
			};
			name = Debug;
		};
		8493749321F6C81800ECE51D /* Release */ = {
			isa = XCBuildConfiguration;
			buildSettings = {
				ALWAYS_EMBED_SWIFT_STANDARD_LIBRARIES = YES;
				BUNDLE_LOADER = "$(TEST_HOST)";
				CODE_SIGN_STYLE = Automatic;
				INFOPLIST_FILE = searchTests/Info.plist;
				LD_RUNPATH_SEARCH_PATHS = (
					"$(inherited)",
					"@executable_path/Frameworks",
					"@loader_path/Frameworks",
				);
				PRODUCT_BUNDLE_IDENTIFIER = supawitch2.searchTests;
				PRODUCT_NAME = "$(TARGET_NAME)";
				SWIFT_VERSION = 4.2;
				TARGETED_DEVICE_FAMILY = "1,2";
				TEST_HOST = "$(BUILT_PRODUCTS_DIR)/search.app/search";
			};
			name = Release;
		};
		8493749521F6C81800ECE51D /* Debug */ = {
			isa = XCBuildConfiguration;
			buildSettings = {
				ALWAYS_EMBED_SWIFT_STANDARD_LIBRARIES = YES;
				CODE_SIGN_STYLE = Automatic;
				INFOPLIST_FILE = searchUITests/Info.plist;
				LD_RUNPATH_SEARCH_PATHS = (
					"$(inherited)",
					"@executable_path/Frameworks",
					"@loader_path/Frameworks",
				);
				PRODUCT_BUNDLE_IDENTIFIER = supawitch2.searchUITests;
				PRODUCT_NAME = "$(TARGET_NAME)";
				SWIFT_VERSION = 4.2;
				TARGETED_DEVICE_FAMILY = "1,2";
				TEST_TARGET_NAME = search;
			};
			name = Debug;
		};
		8493749621F6C81800ECE51D /* Release */ = {
			isa = XCBuildConfiguration;
			buildSettings = {
				ALWAYS_EMBED_SWIFT_STANDARD_LIBRARIES = YES;
				CODE_SIGN_STYLE = Automatic;
				INFOPLIST_FILE = searchUITests/Info.plist;
				LD_RUNPATH_SEARCH_PATHS = (
					"$(inherited)",
					"@executable_path/Frameworks",
					"@loader_path/Frameworks",
				);
				PRODUCT_BUNDLE_IDENTIFIER = supawitch2.searchUITests;
				PRODUCT_NAME = "$(TARGET_NAME)";
				SWIFT_VERSION = 4.2;
				TARGETED_DEVICE_FAMILY = "1,2";
				TEST_TARGET_NAME = search;
			};
			name = Release;
		};
/* End XCBuildConfiguration section */

/* Begin XCConfigurationList section */
		8493746121F6C81700ECE51D /* Build configuration list for PBXProject "search" */ = {
			isa = XCConfigurationList;
			buildConfigurations = (
				8493748C21F6C81800ECE51D /* Debug */,
				8493748D21F6C81800ECE51D /* Release */,
			);
			defaultConfigurationIsVisible = 0;
			defaultConfigurationName = Release;
		};
		8493748E21F6C81800ECE51D /* Build configuration list for PBXNativeTarget "search" */ = {
			isa = XCConfigurationList;
			buildConfigurations = (
				8493748F21F6C81800ECE51D /* Debug */,
				8493749021F6C81800ECE51D /* Release */,
			);
			defaultConfigurationIsVisible = 0;
			defaultConfigurationName = Release;
		};
		8493749121F6C81800ECE51D /* Build configuration list for PBXNativeTarget "searchTests" */ = {
			isa = XCConfigurationList;
			buildConfigurations = (
				8493749221F6C81800ECE51D /* Debug */,
				8493749321F6C81800ECE51D /* Release */,
			);
			defaultConfigurationIsVisible = 0;
			defaultConfigurationName = Release;
		};
		8493749421F6C81800ECE51D /* Build configuration list for PBXNativeTarget "searchUITests" */ = {
			isa = XCConfigurationList;
			buildConfigurations = (
				8493749521F6C81800ECE51D /* Debug */,
				8493749621F6C81800ECE51D /* Release */,
			);
			defaultConfigurationIsVisible = 0;
			defaultConfigurationName = Release;
		};
/* End XCConfigurationList section */
	};
	rootObject = 8493745E21F6C81700ECE51D /* Project object */;
}
